
Microsoft Visual Studio Solution File, Format Version 12.00
# Visual Studio Version 17
VisualStudioVersion = 17.1.32328.378
MinimumVisualStudioVersion = 10.0.40219.1
Project("{2150E333-8FDC-42A3-9474-1A3956D46DE8}") = "src", "src", "{2086EED4-0884-4C71-8144-41E3F33CBC16}"
EndProject
Project("{2150E333-8FDC-42A3-9474-1A3956D46DE8}") = "test", "test", "{9837BB0D-3927-4BA4-B42E-EFE2984500B0}"
EndProject
Project("{9A19103F-16F7-4668-BE54-9A1E7A4F7556}") = "SuperMarket.Entities", "SuperMarket.Entities\SuperMarket.Entities.csproj", "{7A63B2C9-68FD-4263-A79F-2C94075DD075}"
EndProject
Project("{FAE04EC0-301F-11D3-BF4B-00C04F79EFBC}") = "SuperMarket.Infrastructure", "SuperMarket.Infrastructure\SuperMarket.Infrastructure.csproj", "{108C2481-3862-4CFD-910E-92343AD07015}"
EndProject
Project("{FAE04EC0-301F-11D3-BF4B-00C04F79EFBC}") = "Supermarket.Migrations", "Supermarket.Migrations\Supermarket.Migrations.csproj", "{3CCC833A-ED18-4DA0-85FD-38DF3514BE74}"
EndProject
Project("{FAE04EC0-301F-11D3-BF4B-00C04F79EFBC}") = "SuperMarket.Persistence.EF", "SuperMarket.Persistence.EF\SuperMarket.Persistence.EF.csproj", "{F9D45D10-36F8-4579-87BD-2665925F67BE}"
EndProject
Project("{FAE04EC0-301F-11D3-BF4B-00C04F79EFBC}") = "SuperMarket.WebAPI", "SuperMarket.WebAPI\SuperMarket.WebAPI.csproj", "{A3B5517D-ECE4-48D7-8505-FDF72D2F2B77}"
EndProject
Global
	GlobalSection(SolutionConfigurationPlatforms) = preSolution
		Debug|Any CPU = Debug|Any CPU
		Release|Any CPU = Release|Any CPU
	EndGlobalSection
	GlobalSection(ProjectConfigurationPlatforms) = postSolution
		{7A63B2C9-68FD-4263-A79F-2C94075DD075}.Debug|Any CPU.ActiveCfg = Debug|Any CPU
		{7A63B2C9-68FD-4263-A79F-2C94075DD075}.Debug|Any CPU.Build.0 = Debug|Any CPU
		{7A63B2C9-68FD-4263-A79F-2C94075DD075}.Release|Any CPU.ActiveCfg = Release|Any CPU
		{7A63B2C9-68FD-4263-A79F-2C94075DD075}.Release|Any CPU.Build.0 = Release|Any CPU
		{108C2481-3862-4CFD-910E-92343AD07015}.Debug|Any CPU.ActiveCfg = Debug|Any CPU
		{108C2481-3862-4CFD-910E-92343AD07015}.Debug|Any CPU.Build.0 = Debug|Any CPU
		{108C2481-3862-4CFD-910E-92343AD07015}.Release|Any CPU.ActiveCfg = Release|Any CPU
		{108C2481-3862-4CFD-910E-92343AD07015}.Release|Any CPU.Build.0 = Release|Any CPU
		{3CCC833A-ED18-4DA0-85FD-38DF3514BE74}.Debug|Any CPU.ActiveCfg = Debug|Any CPU
		{3CCC833A-ED18-4DA0-85FD-38DF3514BE74}.Debug|Any CPU.Build.0 = Debug|Any CPU
		{3CCC833A-ED18-4DA0-85FD-38DF3514BE74}.Release|Any CPU.ActiveCfg = Release|Any CPU
		{3CCC833A-ED18-4DA0-85FD-38DF3514BE74}.Release|Any CPU.Build.0 = Release|Any CPU
		{F9D45D10-36F8-4579-87BD-2665925F67BE}.Debug|Any CPU.ActiveCfg = Debug|Any CPU
		{F9D45D10-36F8-4579-87BD-2665925F67BE}.Debug|Any CPU.Build.0 = Debug|Any CPU
		{F9D45D10-36F8-4579-87BD-2665925F67BE}.Release|Any CPU.ActiveCfg = Release|Any CPU
		{F9D45D10-36F8-4579-87BD-2665925F67BE}.Release|Any CPU.Build.0 = Release|Any CPU
		{A3B5517D-ECE4-48D7-8505-FDF72D2F2B77}.Debug|Any CPU.ActiveCfg = Debug|Any CPU
		{A3B5517D-ECE4-48D7-8505-FDF72D2F2B77}.Debug|Any CPU.Build.0 = Debug|Any CPU
		{A3B5517D-ECE4-48D7-8505-FDF72D2F2B77}.Release|Any CPU.ActiveCfg = Release|Any CPU
		{A3B5517D-ECE4-48D7-8505-FDF72D2F2B77}.Release|Any CPU.Build.0 = Release|Any CPU
	EndGlobalSection
	GlobalSection(SolutionProperties) = preSolution
		HideSolutionNode = FALSE
	EndGlobalSection
	GlobalSection(NestedProjects) = preSolution
		{7A63B2C9-68FD-4263-A79F-2C94075DD075} = {2086EED4-0884-4C71-8144-41E3F33CBC16}
		{108C2481-3862-4CFD-910E-92343AD07015} = {2086EED4-0884-4C71-8144-41E3F33CBC16}
		{3CCC833A-ED18-4DA0-85FD-38DF3514BE74} = {2086EED4-0884-4C71-8144-41E3F33CBC16}
		{F9D45D10-36F8-4579-87BD-2665925F67BE} = {2086EED4-0884-4C71-8144-41E3F33CBC16}
		{A3B5517D-ECE4-48D7-8505-FDF72D2F2B77} = {2086EED4-0884-4C71-8144-41E3F33CBC16}
	EndGlobalSection
	GlobalSection(ExtensibilityGlobals) = postSolution
		SolutionGuid = {6E5ACC41-D5D6-4386-9C77-5BFAEF670A25}
	EndGlobalSection
EndGlobal
