
Microsoft Visual Studio Solution File, Format Version 12.00
# Visual Studio Version 17
VisualStudioVersion = 17.1.32328.378
MinimumVisualStudioVersion = 10.0.40219.1
Project("{2150E333-8FDC-42A3-9474-1A3956D46DE8}") = "src", "src", "{2086EED4-0884-4C71-8144-41E3F33CBC16}"
EndProject
Project("{2150E333-8FDC-42A3-9474-1A3956D46DE8}") = "test", "test", "{9837BB0D-3927-4BA4-B42E-EFE2984500B0}"
EndProject
Project("{FAE04EC0-301F-11D3-BF4B-00C04F79EFBC}") = "SuperMarket.Entities", "SuperMarket.Entities\SuperMarket.Entities.csproj", "{7A63B2C9-68FD-4263-A79F-2C94075DD075}"
EndProject
Global
	GlobalSection(SolutionConfigurationPlatforms) = preSolution
		Debug|Any CPU = Debug|Any CPU
		Release|Any CPU = Release|Any CPU
	EndGlobalSection
	GlobalSection(ProjectConfigurationPlatforms) = postSolution
		{7A63B2C9-68FD-4263-A79F-2C94075DD075}.Debug|Any CPU.ActiveCfg = Debug|Any CPU
		{7A63B2C9-68FD-4263-A79F-2C94075DD075}.Debug|Any CPU.Build.0 = Debug|Any CPU
		{7A63B2C9-68FD-4263-A79F-2C94075DD075}.Release|Any CPU.ActiveCfg = Release|Any CPU
		{7A63B2C9-68FD-4263-A79F-2C94075DD075}.Release|Any CPU.Build.0 = Release|Any CPU
	EndGlobalSection
	GlobalSection(SolutionProperties) = preSolution
		HideSolutionNode = FALSE
	EndGlobalSection
	GlobalSection(NestedProjects) = preSolution
		{7A63B2C9-68FD-4263-A79F-2C94075DD075} = {2086EED4-0884-4C71-8144-41E3F33CBC16}
	EndGlobalSection
	GlobalSection(ExtensibilityGlobals) = postSolution
		SolutionGuid = {6E5ACC41-D5D6-4386-9C77-5BFAEF670A25}
	EndGlobalSection
EndGlobal
